github.com/cdvelop/badges v0.0.7 h1:z8kmbheLVQRk5RVgPDfab5g0mHC3FJuz6FMI3fSGe2E=
github.com/cdvelop/badges v0.0.7/go.mod h1:amjbWAk60pfGnI+yVho8FFnpkdSlTsdYzO50uP6epQ4=
github.com/cdvelop/mdgo v0.0.9 h1:mgTtNAan1kNFEsnI5OxweoU1mb8jp2UaeYI9rqZflgU=
github.com/cdvelop/mdgo v0.0.9/go.mod h1:msV8jdZ7WZDaV4qrJaeMJ8xxDaMKmH8hD0c50eH5o+Y=
