github.com/tinywasm/await v0.1.0 h1:keCHZSRPohCGLv+Tm/ovZUwi9oZZX3G3QgUomsNgsxM=
github.com/tinywasm/await v0.1.0/go.mod h1:7Z60wpqsTfOhy8zVE4kd86ZrFZ97e9Vx4E69Xwgeca8=
github.com/tinywasm/base64 v0.0.4 h1:i7EHJSaK5yzeQxhv9gT5Dy/PjnolRvwUq5a8+3D7DFs=
github.com/tinywasm/base64 v0.0.4/go.mod h1:p6s8iOD4F6s6smO80R3bYd8ZGZQxXCBt+5KxFQ4vCHU=
github.com/tinywasm/command v0.0.2 h1:VDeUUghEatrK4bMgv3MJlswpVZMybvxwB5YTyisfp7o=
github.com/tinywasm/command v0.0.2/go.mod h1:biTSjIwxhPoOoyZ7iR8qt59qW1FD5QHCYfsLPlWYwkA=
github.com/tinywasm/context v0.0.18 h1:uKeiAFo6L/PikGSbUu+xcyELGoa4kXomDNwJOlhxrUE=
github.com/tinywasm/context v0.0.18/go.mod h1:3AHZHMiiVZljEGNuYMaLM2OXdZ3bXjoMCmqx3sEGXsA=
github.com/tinywasm/dbus v0.1.0 h1:KzAt6DHt+YT/lx05Kh4JLmkZdgasdIU+7n6bX9xDKAY=
github.com/tinywasm/dbus v0.1.0/go.mod h1:anuRR8oZZZinRsh/vP0taxQgpPBKQkTxmp84VmUxJmE=
github.com/tinywasm/fetch v0.1.24 h1:UynB2NPPgYrwcRx6ZujkRUTlfUUkNs60J0O63/1FmAs=
github.com/tinywasm/fetch v0.1.24/go.mod h1:Hx9bkdjC5fcf++EWjHKUzEn2OZpUbfoXNQV8tbdC5SI=
github.com/tinywasm/fmt v0.25.6 h1:j6IDSoU9l+0GnYcx0pIa3Ckhg5j11mNPxTR9tQXU3sc=
github.com/tinywasm/fmt v0.25.6/go.mod h1:2Y4hlsQxqVsZ5z9vQL5XQbEzLQtQOr1Bhp44nPGfydA=
github.com/tinywasm/git v0.0.5 h1:H+rmOHG1M5tG1grAnq05sNJ1H7iRe1VDhlxTaihkRQI=
github.com/tinywasm/git v0.0.5/go.mod h1:pIOI7mqcl/LhPYMp+G6AB9z7yWPxbdxHlYEwwaucdhk=
github.com/tinywasm/gorun v0.0.24 h1:qduMrpcw0nf65nx8Fi2duBWN7pCIwXxePPa9KL0rmWM=
github.com/tinywasm/gorun v0.0.24/go.mod h1:9pApF2ZoaH/km6kGBVxL5WlStOoLwEZiV1uG4R4qeKo=
github.com/tinywasm/json v0.5.17 h1:yucPs19Tuiy+a+ZdsiqyKR3CyFHjm66W1ZZwCnhmPJk=
github.com/tinywasm/json v0.5.17/go.mod h1:2DE5+HKkqAvoGFYAhoZQX1ogCXQtrukGdwxYNVtigAY=
github.com/tinywasm/keyring v0.2.0 h1:+H8KTweamnfWk5ojFumy3q6j9tjlXp7mcGkCzXP8H7o=
github.com/tinywasm/keyring v0.2.0/go.mod h1:mU5CZ7491EgpWTay/WntgWGPxwK5OqgmrFOhJ+xPwoE=
github.com/tinywasm/markdown v0.0.2 h1:dSt9UQPeZgaaPE30gjGYhh/UBxMKGJN+yJyUUz/BgNA=
github.com/tinywasm/markdown v0.0.2/go.mod h1:0SAcxF8xzuudJ3DrYl3mDISgwQmYzXeR7al0cLjZP1M=
github.com/tinywasm/mcp v0.2.4 h1:sZ6sTEtnb2Skx8rid1oSCgMN+Z6i8ke/XC5sEXuJbEA=
github.com/tinywasm/mcp v0.2.4/go.mod h1:kZ37+T0Z7M3kZ0suiIx7GjQXpyEj9Pm1U2IRcrjsGLc=
github.com/tinywasm/model v0.1.4 h1:ZXz/LB9bUVzfiPO3R8iMDbZ6j2DCdR+rOV67zDaE7VE=
github.com/tinywasm/model v0.1.4/go.mod h1:Cx/RTzSOH/DM2DtP6JqdhIRTDlf31EstTV5Y0RSp/dg=
github.com/tinywasm/router v0.1.22 h1:VoEkHep06ThIgydXI0zeyiU6cBQscgOxLDKh5hNglHI=
github.com/tinywasm/router v0.1.22/go.mod h1:zydmUVniz6MntGYiDGc/4tcm0KkshRQRML8K5lsYvHE=
github.com/tinywasm/time v0.5.0 h1:M17DNgKrMYfkCK42V6miL9AcwfN/FHghbKOSTXJrkMo=
github.com/tinywasm/time v0.5.0/go.mod h1:vxGAkKA40im4ObiTS6hcsJYiIsVVLSz/A63JC/+TwvA=
github.com/tinywasm/unixid v0.2.24 h1:D5ufep5H8Ji/G6M2Y+Gf/z2ZcnlrPpn50RoDER7b4eo=
github.com/tinywasm/unixid v0.2.24/go.mod h1:ewc484oiQQYOgFqW2RLlCHJVngY5NoP+maZ6pzbF+K0=
github.com/tinywasm/webauthn v0.1.1 h1:lbbXbue7c+tiX+wGKf985uEuOVS8L6qjOSszLqYolLI=
github.com/tinywasm/webauthn v0.1.1/go.mod h1:A/yVYXoWxjwtvnEu6Dq/HoHDAaehy9tnPlUs8Iyask8=
github.com/tinywasm/wizard v0.0.22 h1:aoH9AgcE8ePyvUdTKy51AD6XyHZgi4CU7GrdFFT0o7w=
github.com/tinywasm/wizard v0.0.22/go.mod h1:TXjAtXdjRSd74yo1irKdyqyYorTq1TkSqZ5A3Jpp4aQ=
golang.org/x/sys v0.47.0 h1:o7XGOvZQCADBQQ4Y7VNq2dRWQR7JmOUW8Kxx4ZsNgWs=
golang.org/x/sys v0.47.0/go.mod h1:4GL1E5IUh+htKOUEOaiffhrAeqysfVGipDYzABqnCmw=
golang.org/x/term v0.45.0 h1:NwWyBmoJCbfTHpxrWoZ9C6/VxOf7ic219I8xZZFdrf0=
golang.org/x/term v0.45.0/go.mod h1:9aqxs0blBcrm/n0L9QW0aRVD+ktan8ssZromtqJC43w=
